{
  "version": 4,
  "terraform_version": "1.1.3",
  "serial": 34,
  "lineage": "a68ae675-7122-b03f-26d1-f351e9be8c9a",
  "outputs": {},
  "resources": [
    {
      "mode": "managed",
      "type": "aws_route53_record",
      "name": "domain-a-record",
      "provider": "provider[\"registry.terraform.io/hashicorp/aws\"]",
      "instances": [
        {
          "schema_version": 2,
          "attributes": {
            "alias": [
              {
                "evaluate_target_health": false,
                "name": "s3-website.ap-south-1.amazonaws.com",
                "zone_id": "Z11RGJOFQNVJUP"
              }
            ],
            "allow_overwrite": null,
            "failover_routing_policy": [],
            "fqdn": "somthedev.com",
            "geolocation_routing_policy": [],
            "health_check_id": null,
            "id": "Z0239024FL5F2DMB1R9D_somthedev.com_A",
            "latency_routing_policy": [],
            "multivalue_answer_routing_policy": null,
            "name": "somthedev.com",
            "records": null,
            "set_identifier": null,
            "ttl": null,
            "type": "A",
            "weighted_routing_policy": [],
            "zone_id": "Z0239024FL5F2DMB1R9D"
          },
          "sensitive_attributes": [],
          "private": "eyJzY2hlbWFfdmVyc2lvbiI6IjIifQ==",
          "dependencies": [
            "aws_route53_zone.domain_route",
            "aws_s3_bucket.s3_bucket"
          ]
        }
      ]
    },
    {
      "mode": "managed",
      "type": "aws_route53_record",
      "name": "domain-cname-record",
      "provider": "provider[\"registry.terraform.io/hashicorp/aws\"]",
      "instances": [
        {
          "schema_version": 2,
          "attributes": {
            "alias": [],
            "allow_overwrite": null,
            "failover_routing_policy": [],
            "fqdn": "www.somthedev.com",
            "geolocation_routing_policy": [],
            "health_check_id": "",
            "id": "Z0239024FL5F2DMB1R9D_www_CNAME",
            "latency_routing_policy": [],
            "multivalue_answer_routing_policy": null,
            "name": "www",
            "records": [
              "somthedev.com"
            ],
            "set_identifier": "",
            "ttl": 300,
            "type": "CNAME",
            "weighted_routing_policy": [],
            "zone_id": "Z0239024FL5F2DMB1R9D"
          },
          "sensitive_attributes": [],
          "private": "eyJzY2hlbWFfdmVyc2lvbiI6IjIifQ==",
          "dependencies": [
            "aws_route53_zone.domain_route"
          ]
        }
      ]
    },
    {
      "mode": "managed",
      "type": "aws_route53_zone",
      "name": "domain_route",
      "provider": "provider[\"registry.terraform.io/hashicorp/aws\"]",
      "instances": [
        {
          "schema_version": 0,
          "attributes": {
            "arn": "arn:aws:route53:::hostedzone/Z0239024FL5F2DMB1R9D",
            "comment": "Som The Dev Domain",
            "delegation_set_id": "",
            "force_destroy": false,
            "id": "Z0239024FL5F2DMB1R9D",
            "name": "somthedev.com",
            "name_servers": [
              "ns-1468.awsdns-55.org",
              "ns-1631.awsdns-11.co.uk",
              "ns-433.awsdns-54.com",
              "ns-793.awsdns-35.net"
            ],
            "tags": {
              "Environment": "Production",
              "Name": "Som Domain"
            },
            "tags_all": {
              "Environment": "Production",
              "Name": "Som Domain"
            },
            "vpc": [],
            "zone_id": "Z0239024FL5F2DMB1R9D"
          },
          "sensitive_attributes": [],
          "private": "bnVsbA=="
        }
      ]
    },
    {
      "mode": "managed",
      "type": "aws_s3_bucket",
      "name": "s3_bucket",
      "provider": "provider[\"registry.terraform.io/hashicorp/aws\"]",
      "instances": [
        {
          "schema_version": 0,
          "attributes": {
            "acceleration_status": "",
            "acl": "private",
            "arn": "arn:aws:s3:::somthedev.com",
            "bucket": "somthedev.com",
            "bucket_domain_name": "somthedev.com.s3.amazonaws.com",
            "bucket_prefix": null,
            "bucket_regional_domain_name": "somthedev.com.s3.ap-south-1.amazonaws.com",
            "cors_rule": [],
            "force_destroy": false,
            "grant": [],
            "hosted_zone_id": "Z11RGJOFQNVJUP",
            "id": "somthedev.com",
            "lifecycle_rule": [],
            "logging": [],
            "object_lock_configuration": [],
            "policy": "{\"Statement\":[{\"Action\":\"s3:*\",\"Effect\":\"Allow\",\"Principal\":\"*\",\"Resource\":\"arn:aws:s3:::somthedev.com/*\",\"Sid\":\"PublicReadForGetBucketObjects\"}],\"Version\":\"2008-10-17\"}",
            "region": "ap-south-1",
            "replication_configuration": [],
            "request_payer": "BucketOwner",
            "server_side_encryption_configuration": [],
            "tags": {
              "Environment": "production",
              "Name": "Website"
            },
            "tags_all": {
              "Environment": "production",
              "Name": "Website"
            },
            "versioning": [
              {
                "enabled": false,
                "mfa_delete": false
              }
            ],
            "website": [
              {
                "error_document": "index.html",
                "index_document": "index.html",
                "redirect_all_requests_to": "",
                "routing_rules": ""
              }
            ],
            "website_domain": "s3-website.ap-south-1.amazonaws.com",
            "website_endpoint": "somthedev.com.s3-website.ap-south-1.amazonaws.com"
          },
          "sensitive_attributes": [],
          "private": "bnVsbA=="
        }
      ]
    },
    {
      "mode": "managed",
      "type": "local_file",
      "name": "domain_output",
      "provider": "provider[\"registry.terraform.io/hashicorp/local\"]",
      "instances": [
        {
          "schema_version": 0,
          "attributes": {
            "content": "{\"arn\":\"arn:aws:route53:::hostedzone/Z0239024FL5F2DMB1R9D\",\"comment\":\"Som The Dev Domain\",\"delegation_set_id\":\"\",\"force_destroy\":false,\"id\":\"Z0239024FL5F2DMB1R9D\",\"name\":\"somthedev.com\",\"name_servers\":[\"ns-1468.awsdns-55.org\",\"ns-1631.awsdns-11.co.uk\",\"ns-433.awsdns-54.com\",\"ns-793.awsdns-35.net\"],\"tags\":{\"Environment\":\"Production\",\"Name\":\"Som Domain\"},\"tags_all\":{\"Environment\":\"Production\",\"Name\":\"Som Domain\"},\"vpc\":[],\"zone_id\":\"Z0239024FL5F2DMB1R9D\"}",
            "content_base64": null,
            "directory_permission": "0777",
            "file_permission": "0777",
            "filename": "./domain_output.txt",
            "id": "d0157a9f1c41cd6075fffc8cabe0edaf48530ee5",
            "sensitive_content": null,
            "source": null
          },
          "sensitive_attributes": [],
          "private": "bnVsbA==",
          "dependencies": [
            "aws_route53_zone.domain_route"
          ]
        }
      ]
    },
    {
      "mode": "managed",
      "type": "local_file",
      "name": "output",
      "provider": "provider[\"registry.terraform.io/hashicorp/local\"]",
      "instances": [
        {
          "schema_version": 0,
          "attributes": {
            "content": "{\"acceleration_status\":\"\",\"acl\":\"private\",\"arn\":\"arn:aws:s3:::somthedev.com\",\"bucket\":\"somthedev.com\",\"bucket_domain_name\":\"somthedev.com.s3.amazonaws.com\",\"bucket_prefix\":null,\"bucket_regional_domain_name\":\"somthedev.com.s3.ap-south-1.amazonaws.com\",\"cors_rule\":[],\"force_destroy\":false,\"grant\":[],\"hosted_zone_id\":\"Z11RGJOFQNVJUP\",\"id\":\"somthedev.com\",\"lifecycle_rule\":[],\"logging\":[],\"object_lock_configuration\":[],\"policy\":\"{\\\"Statement\\\":[{\\\"Action\\\":\\\"s3:*\\\",\\\"Effect\\\":\\\"Allow\\\",\\\"Principal\\\":\\\"*\\\",\\\"Resource\\\":\\\"arn:aws:s3:::somthedev.com/*\\\",\\\"Sid\\\":\\\"PublicReadForGetBucketObjects\\\"}],\\\"Version\\\":\\\"2008-10-17\\\"}\",\"region\":\"ap-south-1\",\"replication_configuration\":[],\"request_payer\":\"BucketOwner\",\"server_side_encryption_configuration\":[],\"tags\":{\"Environment\":\"production\",\"Name\":\"Website\"},\"tags_all\":{\"Environment\":\"production\",\"Name\":\"Website\"},\"versioning\":[{\"enabled\":false,\"mfa_delete\":false}],\"website\":[{\"error_document\":\"index.html\",\"index_document\":\"index.html\",\"redirect_all_requests_to\":\"\",\"routing_rules\":\"\"}],\"website_domain\":\"s3-website.ap-south-1.amazonaws.com\",\"website_endpoint\":\"somthedev.com.s3-website.ap-south-1.amazonaws.com\"}",
            "content_base64": null,
            "directory_permission": "0777",
            "file_permission": "0777",
            "filename": "./s3_output.txt",
            "id": "bb3dd153c2779c2d27f885df70abab97931aedce",
            "sensitive_content": null,
            "source": null
          },
          "sensitive_attributes": [],
          "private": "bnVsbA==",
          "dependencies": [
            "aws_s3_bucket.s3_bucket"
          ]
        }
      ]
    }
  ]
}
